
Microsoft Visual Studio Solution File, Format Version 12.00
# Visual Studio Version 16
VisualStudioVersion = 16.0.30611.23
MinimumVisualStudioVersion = 10.0.40219.1
Project("{9A19103F-16F7-4668-BE54-9A1E7A4F7556}") = "WebAPI", "WebAPI\WebAPI.csproj", "{68D0119E-73E0-494E-8650-046F956FC926}"
EndProject
Project("{2150E333-8FDC-42A3-9474-1A3956D46DE8}") = "Solution Items", "Solution Items", "{4850B481-8425-4EB7-BF11-E7A22D18C55B}"
	ProjectSection(SolutionItems) = preProject
		.editorconfig = .editorconfig
	EndProjectSection
EndProject
Global
	GlobalSection(SolutionConfigurationPlatforms) = preSolution
		Debug|Any CPU = Debug|Any CPU
		Release|Any CPU = Release|Any CPU
	EndGlobalSection
	GlobalSection(ProjectConfigurationPlatforms) = postSolution
		{68D0119E-73E0-494E-8650-046F956FC926}.Debug|Any CPU.ActiveCfg = Debug|Any CPU
		{68D0119E-73E0-494E-8650-046F956FC926}.Debug|Any CPU.Build.0 = Debug|Any CPU
		{68D0119E-73E0-494E-8650-046F956FC926}.Release|Any CPU.ActiveCfg = Release|Any CPU
		{68D0119E-73E0-494E-8650-046F956FC926}.Release|Any CPU.Build.0 = Release|Any CPU
	EndGlobalSection
	GlobalSection(SolutionProperties) = preSolution
		HideSolutionNode = FALSE
	EndGlobalSection
	GlobalSection(ExtensibilityGlobals) = postSolution
		SolutionGuid = {7756858D-4753-49E5-8578-29772848B7B0}
	EndGlobalSection
EndGlobal
